
Microsoft Visual Studio Solution File, Format Version 12.00
Project("{FAE04EC0-301F-11D3-BF4B-00C04F79EFBC}") = "LabExtended", "LabExtended\LabExtended.csproj", "{2B2B3DCB-2B69-488F-8D9F-ACC001F4E9E2}"
EndProject
Project("{FAE04EC0-301F-11D3-BF4B-00C04F79EFBC}") = "LabExtended.ImageConvertor", "LabExtended.ImageConvertor\LabExtended.ImageConvertor.csproj", "{01637DCD-155C-4458-BEE8-1B3C1BF8149F}"
EndProject
Global
	GlobalSection(SolutionConfigurationPlatforms) = preSolution
		Debug|Any CPU = Debug|Any CPU
		Release|Any CPU = Release|Any CPU
	EndGlobalSection
	GlobalSection(ProjectConfigurationPlatforms) = postSolution
		{2B2B3DCB-2B69-488F-8D9F-ACC001F4E9E2}.Release|Any CPU.ActiveCfg = Release|Any CPU
		{2B2B3DCB-2B69-488F-8D9F-ACC001F4E9E2}.Release|Any CPU.Build.0 = Release|Any CPU
		{2B2B3DCB-2B69-488F-8D9F-ACC001F4E9E2}.Debug|Any CPU.ActiveCfg = Release|Any CPU
		{2B2B3DCB-2B69-488F-8D9F-ACC001F4E9E2}.Debug|Any CPU.Build.0 = Release|Any CPU
		{01637DCD-155C-4458-BEE8-1B3C1BF8149F}.Debug|Any CPU.ActiveCfg = Debug|Any CPU
		{01637DCD-155C-4458-BEE8-1B3C1BF8149F}.Debug|Any CPU.Build.0 = Debug|Any CPU
		{01637DCD-155C-4458-BEE8-1B3C1BF8149F}.Release|Any CPU.ActiveCfg = Release|Any CPU
		{01637DCD-155C-4458-BEE8-1B3C1BF8149F}.Release|Any CPU.Build.0 = Release|Any CPU
	EndGlobalSection
EndGlobal
